# THIS IS AN AUTOGENERATED FILE. DO NOT EDIT THIS FILE DIRECTLY.
# yarn lockfile v1


"@alloc/quick-lru@^5.2.0":
  version "5.3.0"

"@babel/code-frame@^7.29.7":
  version "7.29.7"
  dependencies:
    "@babel/helper-validator-identifier" "^7.29.7"
    js-tokens "^4.0.0"
    picocolors "^1.1.1"

"@babel/compat-data@^7.29.7":
  version "7.29.7"

"@babel/core@^7.0.0", "@babel/core@^7.0.0-0", "@babel/core@^7.28.0":
  version "7.29.7"
  dependencies:
    "@babel/code-frame" "^7.29.7"
    "@babel/generator" "^7.29.7"
    "@babel/helper-compilation-targets" "^7.29.7"
    "@babel/helper-module-transforms" "^7.29.7"
    "@babel/helpers" "^7.29.7"
    "@babel/parser" "^7.29.7"
    "@babel/template" "^7.29.7"
    "@babel/traverse" "^7.29.7"
    "@babel/types" "^7.29.7"
    "@jridgewell/remapping" "^2.3.5"
    convert-source-map "^2.0.0"
    debug "^4.1.0"
    gensync "^1.0.0-beta.2"
    json5 "^2.2.3"
    semver "^6.3.1"

"@babel/generator@^7.29.7", "@babel/generator@^7.29.8":
  version "7.29.8"
  dependencies:
    "@babel/parser" "^7.29.8"
    "@babel/types" "^7.29.8"
    "@jridgewell/gen-mapping" "^0.3.12"
    "@jridgewell/trace-mapping" "^0.3.28"
    jsesc "^3.0.2"

"@babel/helper-compilation-targets@^7.29.7":
  version "7.29.7"
  dependencies:
    "@babel/compat-data" "^7.29.7"
    "@babel/helper-validator-option" "^7.29.7"
    browserslist "^4.24.0"
    lru-cache "^5.1.1"
    semver "^6.3.1"

"@babel/helper-globals@^7.29.7":
  version "7.29.7"

"@babel/helper-module-imports@^7.29.7":
  version "7.29.7"
  dependencies:
    "@babel/traverse" "^7.29.7"
    "@babel/types" "^7.29.7"

"@babel/helper-module-transforms@^7.29.7":
  version "7.29.7"
  dependencies:
    "@babel/helper-module-imports" "^7.29.7"
    "@babel/helper-validator-identifier" "^7.29.7"
    "@babel/traverse" "^7.29.7"

"@babel/helper-plugin-utils@^7.29.7":
  version "7.29.7"

"@babel/helper-string-parser@^7.29.7":
  version "7.29.7"

"@babel/helper-validator-identifier@^7.29.7":
  version "7.29.7"

"@babel/helper-validator-option@^7.29.7":
  version "7.29.7"

"@babel/helpers@^7.29.7":
  version "7.29.7"
  dependencies:
    "@babel/template" "^7.29.7"
    "@babel/types" "^7.29.7"

"@babel/parser@^7.1.0", "@babel/parser@^7.20.7", "@babel/parser@^7.29.7", "@babel/parser@^7.29.8":
  version "7.29.8"
  dependencies:
    "@babel/types" "^7.29.8"

"@babel/plugin-transform-react-jsx-self@^7.27.1":
  version "7.29.7"
  dependencies:
    "@babel/helper-plugin-utils" "^7.29.7"

"@babel/plugin-transform-react-jsx-source@^7.27.1":
  version "7.29.7"
  dependencies:
    "@babel/helper-plugin-utils" "^7.29.7"

"@babel/template@^7.29.7":
  version "7.29.7"
  dependencies:
    "@babel/code-frame" "^7.29.7"
    "@babel/parser" "^7.29.7"
    "@babel/types" "^7.29.7"

"@babel/traverse@^7.29.7":
  version "7.29.8"
  dependencies:
    "@babel/code-frame" "^7.29.7"
    "@babel/generator" "^7.29.8"
    "@babel/helper-globals" "^7.29.7"
    "@babel/parser" "^7.29.8"
    "@babel/template" "^7.29.7"
    "@babel/types" "^7.29.8"
    debug "^4.3.1"

"@babel/types@^7.0.0", "@babel/types@^7.20.7", "@babel/types@^7.28.2", "@babel/types@^7.29.7", "@babel/types@^7.29.8":
  version "7.29.8"
  dependencies:
    "@babel/helper-string-parser" "^7.29.7"
    "@babel/helper-validator-identifier" "^7.29.7"

"@esbuild/linux-x64@0.21.5":
  version "0.21.5"

"@jridgewell/gen-mapping@^0.3.12", "@jridgewell/gen-mapping@^0.3.2", "@jridgewell/gen-mapping@^0.3.5":
  version "0.3.13"
  dependencies:
    "@jridgewell/sourcemap-codec" "^1.5.0"
    "@jridgewell/trace-mapping" "^0.3.24"

"@jridgewell/remapping@^2.3.5":
  version "2.3.5"
  dependencies:
    "@jridgewell/gen-mapping" "^0.3.5"
    "@jridgewell/trace-mapping" "^0.3.24"

"@jridgewell/resolve-uri@^3.1.0":
  version "3.1.2"

"@jridgewell/sourcemap-codec@^1.4.14", "@jridgewell/sourcemap-codec@^1.5.0":
  version "1.6.0"

"@jridgewell/trace-mapping@^0.3.24", "@jridgewell/trace-mapping@^0.3.28":
  version "0.3.31"
  dependencies:
    "@jridgewell/resolve-uri" "^3.1.0"
    "@jridgewell/sourcemap-codec" "^1.4.14"

"@nodelib/fs.scandir@2.1.5":
  version "2.1.5"
  dependencies:
    "@nodelib/fs.stat" "2.0.5"
    run-parallel "^1.1.9"

"@nodelib/fs.stat@^2.0.2", "@nodelib/fs.stat@2.0.5":
  version "2.0.5"

"@nodelib/fs.walk@^1.2.3":
  version "1.2.8"
  dependencies:
    "@nodelib/fs.scandir" "2.1.5"
    fastq "^1.6.0"

"@remix-run/router@1.23.4":
  version "1.23.4"

"@rolldown/pluginutils@1.0.0-beta.27":
  version "1.0.0-beta.27"

"@rollup/rollup-linux-x64-gnu@4.63.2":
  version "4.63.2"

"@supabase/auth-js@2.109.0":
  version "2.109.0"
  dependencies:
    tslib "2.8.1"

"@supabase/functions-js@2.109.0":
  version "2.109.0"
  dependencies:
    tslib "2.8.1"

"@supabase/phoenix@0.4.4":
  version "0.4.4"

"@supabase/postgrest-js@2.109.0":
  version "2.109.0"
  dependencies:
    tslib "2.8.1"

"@supabase/realtime-js@2.109.0":
  version "2.109.0"
  dependencies:
    "@supabase/phoenix" "0.4.4"
    tslib "2.8.1"

"@supabase/storage-js@2.109.0":
  version "2.109.0"
  dependencies:
    iceberg-js "^0.8.1"
    tslib "2.8.1"

"@supabase/supabase-js@^2.39.0":
  version "2.109.0"
  dependencies:
    "@supabase/auth-js" "2.109.0"
    "@supabase/functions-js" "2.109.0"
    "@supabase/postgrest-js" "2.109.0"
    "@supabase/realtime-js" "2.109.0"
    "@supabase/storage-js" "2.109.0"

"@types/babel__core@^7.20.5":
  version "7.20.5"
  dependencies:
    "@babel/parser" "^7.20.7"
    "@babel/types" "^7.20.7"
    "@types/babel__generator" "*"
    "@types/babel__template" "*"
    "@types/babel__traverse" "*"

"@types/babel__generator@*":
  version "7.27.0"
  dependencies:
    "@babel/types" "^7.0.0"

"@types/babel__template@*":
  version "7.4.4"
  dependencies:
    "@babel/parser" "^7.1.0"
    "@babel/types" "^7.0.0"

"@types/babel__traverse@*":
  version "7.28.0"
  dependencies:
    "@babel/types" "^7.28.2"

"@types/estree@1.0.9":
  version "1.0.9"

"@types/node@^18.0.0 || >=20.0.0", "@types/node@>=8.1.0":
  version "26.5.1"
  dependencies:
    undici-types "~8.9.0"

"@types/prop-types@*":
  version "15.7.15"

"@types/react-dom@^18.2.17":
  version "18.3.7"

"@types/react@^18.0.0", "@types/react@^18.2.43":
  version "18.3.31"
  dependencies:
    "@types/prop-types" "*"
    csstype "^3.2.2"

"@vitejs/plugin-react@^4.2.1":
  version "4.7.0"
  dependencies:
    "@babel/core" "^7.28.0"
    "@babel/plugin-transform-react-jsx-self" "^7.27.1"
    "@babel/plugin-transform-react-jsx-source" "^7.27.1"
    "@rolldown/pluginutils" "1.0.0-beta.27"
    "@types/babel__core" "^7.20.5"
    react-refresh "^0.17.0"

any-promise@^1.0.0:
  version "1.3.0"

anymatch@~3.1.2:
  version "3.1.3"
  dependencies:
    normalize-path "^3.0.0"
    picomatch "^2.0.4"

arg@^5.0.2:
  version "5.0.2"

autoprefixer@^10.4.16:
  version "10.6.0"
  dependencies:
    browserslist "^4.28.9"
    caniuse-lite "^1.0.30001810"
    fraction.js "^5.3.4"
    picocolors "^1.1.1"
    postcss-value-parser "^4.2.0"

baseline-browser-mapping@^2.11.20:
  version "2.11.23"

binary-extensions@^2.0.0:
  version "2.3.0"

braces@^3.0.3, braces@~3.0.2:
  version "3.0.3"
  dependencies:
    fill-range "^7.1.1"

browserslist@^4.24.0, browserslist@^4.28.9, "browserslist@>= 4.21.0":
  version "4.28.9"
  dependencies:
    baseline-browser-mapping "^2.11.20"
    caniuse-lite "^1.0.30001810"
    electron-to-chromium "^1.5.420"
    node-releases "^2.0.54"
    update-browserslist-db "^1.3.2"

call-bind-apply-helpers@^1.0.1, call-bind-apply-helpers@^1.0.2:
  version "1.0.2"
  dependencies:
    es-errors "^1.3.0"
    function-bind "^1.1.2"

call-bound@^1.0.2:
  version "1.0.4"
  dependencies:
    call-bind-apply-helpers "^1.0.2"
    get-intrinsic "^1.3.0"

camelcase-css@^2.0.1:
  version "2.0.1"

caniuse-lite@^1.0.30001810:
  version "1.0.30001810"

chokidar@^3.6.0:
  version "3.6.0"
  dependencies:
    anymatch "~3.1.2"
    braces "~3.0.2"
    glob-parent "~5.1.2"
    is-binary-path "~2.1.0"
    is-glob "~4.0.1"
    normalize-path "~3.0.0"
    readdirp "~3.6.0"
  optionalDependencies:
    fsevents "~2.3.2"

commander@^4.0.0:
  version "4.1.1"

convert-source-map@^2.0.0:
  version "2.0.0"

cssesc@^3.0.0:
  version "3.0.0"
  resolved "https://registry.npmjs.org/cssesc/-/cssesc-3.0.0.tgz"
  integrity sha512-/Tb/JcjK111nNScGob5MNtsntNM1aCNUDipB/TkwZFhyDrrE47SOx/18wF2bbjgc3ZzCSKW1T5nt5EbFoAz/Vg==

csstype@^3.2.2:
  version "3.2.3"

debug@^4.1.0, debug@^4.3.1:
  version "4.4.3"
  dependencies:
    ms "^2.1.3"

didyoumean@^1.2.2:
  version "1.2.2"

dlv@^1.1.3:
  version "1.1.3"

dunder-proto@^1.0.1:
  version "1.0.1"
  dependencies:
    call-bind-apply-helpers "^1.0.1"
    es-errors "^1.3.0"
    gopd "^1.2.0"

electron-to-chromium@^1.5.420:
  version "1.5.427"

es-define-property@^1.0.1:
  version "1.0.1"

es-errors@^1.3.0:
  version "1.3.0"

es-object-atoms@^1.0.0, es-object-atoms@^1.1.1:
  version "1.1.2"
  dependencies:
    es-errors "^1.3.0"

esbuild@^0.21.3:
  version "0.21.5"
  optionalDependencies:
    "@esbuild/aix-ppc64" "0.21.5"
    "@esbuild/android-arm" "0.21.5"
    "@esbuild/android-arm64" "0.21.5"
    "@esbuild/android-x64" "0.21.5"
    "@esbuild/darwin-arm64" "0.21.5"
    "@esbuild/darwin-x64" "0.21.5"
    "@esbuild/freebsd-arm64" "0.21.5"
    "@esbuild/freebsd-x64" "0.21.5"
    "@esbuild/linux-arm" "0.21.5"
    "@esbuild/linux-arm64" "0.21.5"
    "@esbuild/linux-ia32" "0.21.5"
    "@esbuild/linux-loong64" "0.21.5"
    "@esbuild/linux-mips64el" "0.21.5"
    "@esbuild/linux-ppc64" "0.21.5"
    "@esbuild/linux-riscv64" "0.21.5"
    "@esbuild/linux-s390x" "0.21.5"
    "@esbuild/linux-x64" "0.21.5"
    "@esbuild/netbsd-x64" "0.21.5"
    "@esbuild/openbsd-x64" "0.21.5"
    "@esbuild/sunos-x64" "0.21.5"
    "@esbuild/win32-arm64" "0.21.5"
    "@esbuild/win32-ia32" "0.21.5"
    "@esbuild/win32-x64" "0.21.5"

escalade@^3.2.0:
  version "3.2.0"

fast-glob@^3.3.2:
  version "3.3.3"
  dependencies:
    "@nodelib/fs.stat" "^2.0.2"
    "@nodelib/fs.walk" "^1.2.3"
    glob-parent "^5.1.2"
    merge2 "^1.3.0"
    micromatch "^4.0.8"

fastq@^1.6.0:
  version "1.20.3"
  dependencies:
    reusify "^1.0.4"

fdir@^6.5.0:
  version "6.5.0"

fill-range@^7.1.1:
  version "7.1.1"
  dependencies:
    to-regex-range "^5.0.1"

fraction.js@^5.3.4:
  version "5.3.4"

function-bind@^1.1.2:
  version "1.1.2"

gensync@^1.0.0-beta.2:
  version "1.0.0-beta.2"

get-intrinsic@^1.2.5, get-intrinsic@^1.3.0:
  version "1.3.0"
  dependencies:
    call-bind-apply-helpers "^1.0.2"
    es-define-property "^1.0.1"
    es-errors "^1.3.0"
    es-object-atoms "^1.1.1"
    function-bind "^1.1.2"
    get-proto "^1.0.1"
    gopd "^1.2.0"
    has-symbols "^1.1.0"
    hasown "^2.0.2"
    math-intrinsics "^1.1.0"

get-proto@^1.0.1:
  version "1.0.1"
  dependencies:
    dunder-proto "^1.0.1"
    es-object-atoms "^1.0.0"

glob-parent@^5.1.2:
  version "5.1.2"
  dependencies:
    is-glob "^4.0.1"

glob-parent@^6.0.2:
  version "6.0.2"
  dependencies:
    is-glob "^4.0.3"

glob-parent@~5.1.2:
  version "5.1.2"
  dependencies:
    is-glob "^4.0.1"

gopd@^1.2.0:
  version "1.2.0"

has-symbols@^1.1.0:
  version "1.1.0"

hasown@^2.0.2, hasown@^2.0.3:
  version "2.0.4"
  dependencies:
    function-bind "^1.1.2"

iceberg-js@^0.8.1:
  version "0.8.1"

is-binary-path@~2.1.0:
  version "2.1.0"
  resolved "https://registry.npmjs.org/is-binary-path/-/is-binary-path-2.1.0.tgz"
  integrity sha512-ZMERYes6pDydyuGidse7OsHxtbI7WVeUEozgR/g7rd0xUimYNlvZRE/K2MgZTjWy725IfelLeVcEM97mmtRGXw==
  dependencies:
    binary-extensions "^2.0.0"

is-core-module@^2.16.1:
  version "2.16.2"
  dependencies:
    hasown "^2.0.3"

is-extglob@^2.1.1:
  version "2.1.1"
  resolved "https://registry.npmjs.org/is-extglob/-/is-extglob-2.1.1.tgz"
  integrity sha1-qIwCU1eR8C7TfHahueqXc8gz+MI=

is-glob@^4.0.1, is-glob@^4.0.3, is-glob@~4.0.1:
  version "4.0.3"
  dependencies:
    is-extglob "^2.1.1"

is-number@^7.0.0:
  version "7.0.0"
  resolved "https://registry.npmjs.org/is-number/-/is-number-7.0.0.tgz"
  integrity sha512-41Cifkg6e8TylSpdtTpeLVMqvSBEVzTttHvERD741+pnZ8ANv0004MRL43QKPDlK9cGvNp6NZWZUBlbGXYxxng==

jiti@^1.21.7, jiti@>=1.21.0:
  version "1.21.7"

"js-tokens@^3.0.0 || ^4.0.0", js-tokens@^4.0.0:
  version "4.0.0"
  resolved "https://registry.npmjs.org/js-tokens/-/js-tokens-4.0.0.tgz"
  integrity sha512-RdJUflcE3cUzKiMqQgsCu06FPu9UdIJO0beYbPhHN4k6apgJtifcoCtT9bcxOpYBtpD2kCM6Sbzg4CausW/PKQ==

jsesc@^3.0.2:
  version "3.1.0"

json5@^2.2.3:
  version "2.2.3"

lilconfig@^3.1.1, lilconfig@^3.1.3:
  version "3.1.3"

lines-and-columns@^1.1.6:
  version "1.2.4"

loose-envify@^1.1.0:
  version "1.4.0"
  dependencies:
    js-tokens "^3.0.0 || ^4.0.0"

lru-cache@^5.1.1:
  version "5.1.1"
  resolved "https://registry.npmjs.org/lru-cache/-/lru-cache-5.1.1.tgz"
  integrity sha512-KpNARQA3Iwv+jTA0utUVVbrh+Jlrr1Fv0e56GGzAFOXN7dk/FviaDW8LHmK52DlcH4WP2n6gI8vN1aesBFgo9w==
  dependencies:
    yallist "^3.0.2"

math-intrinsics@^1.1.0:
  version "1.1.0"

merge2@^1.3.0:
  version "1.4.1"

micromatch@^4.0.8:
  version "4.0.8"
  dependencies:
    braces "^3.0.3"
    picomatch "^2.3.1"

ms@^2.1.3:
  version "2.1.3"

mz@^2.7.0:
  version "2.7.0"
  dependencies:
    any-promise "^1.0.0"
    object-assign "^4.0.1"
    thenify-all "^1.0.0"

nanoid@^3.3.18:
  version "3.3.19"

node-releases@^2.0.54:
  version "2.0.55"

normalize-path@^3.0.0, normalize-path@~3.0.0:
  version "3.0.0"
  resolved "https://registry.npmjs.org/normalize-path/-/normalize-path-3.0.0.tgz"
  integrity sha512-6eZs5Ls3WtCisHWp9S2GUy8dqkpGi4BVSz3GaqiE6ezub0512ESztXUwUB6C6IKbQkY2Pnb/mD4WYojCRwcwLA==

object-assign@^4.0.1:
  version "4.1.1"
  resolved "https://registry.npmjs.org/object-assign/-/object-assign-4.1.1.tgz"
  integrity sha1-IQmtx5ZYh8/AXLvUQsrIv7s2CGM=

object-hash@^3.0.0:
  version "3.0.0"

object-inspect@^1.13.3, object-inspect@^1.13.4:
  version "1.13.4"

path-parse@^1.0.7:
  version "1.0.7"

picocolors@^1.1.1:
  version "1.1.1"

picomatch@^2.0.4:
  version "2.3.2"

picomatch@^2.2.1:
  version "2.3.2"

picomatch@^2.3.1:
  version "2.3.2"

"picomatch@^3 || ^4", picomatch@^4.0.4:
  version "4.0.7"

pirates@^4.0.1:
  version "4.0.7"

postcss-import@^15.1.0:
  version "15.1.0"
  dependencies:
    postcss-value-parser "^4.0.0"
    read-cache "^1.0.0"
    resolve "^1.1.7"

postcss-js@^4.0.1:
  version "4.1.0"
  dependencies:
    camelcase-css "^2.0.1"

"postcss-load-config@^4.0.2 || ^5.0 || ^6.0":
  version "6.0.1"
  dependencies:
    lilconfig "^3.1.1"

postcss-nested@^6.2.0:
  version "6.2.0"
  dependencies:
    postcss-selector-parser "^6.1.1"

postcss-selector-parser@^6.1.1, postcss-selector-parser@^6.1.2:
  version "6.1.4"
  dependencies:
    cssesc "^3.0.0"
    util-deprecate "^1.0.2"

postcss-value-parser@^4.0.0, postcss-value-parser@^4.2.0:
  version "4.2.0"

postcss@^8.0.0, postcss@^8.1.0, postcss@^8.2.14, postcss@^8.4.21, postcss@^8.4.32, postcss@^8.4.43, postcss@^8.4.47, postcss@>=8.0.9:
  version "8.5.28"
  dependencies:
    nanoid "^3.3.18"
    picocolors "^1.1.1"
    source-map-js "^1.2.1"

qs@^6.11.0:
  version "6.16.0"
  dependencies:
    es-define-property "^1.0.1"
    side-channel "^1.1.1"

queue-microtask@^1.2.2:
  version "1.2.3"

react-dom@^18.2.0, react-dom@>=16.8:
  version "18.3.1"
  dependencies:
    loose-envify "^1.1.0"
    scheduler "^0.23.2"

react-refresh@^0.17.0:
  version "0.17.0"

react-router-dom@^6.20.0:
  version "6.30.6"
  dependencies:
    "@remix-run/router" "1.23.4"
    react-router "6.30.6"

react-router@6.30.6:
  version "6.30.6"
  dependencies:
    "@remix-run/router" "1.23.4"

react@^18.2.0, react@^18.3.1, react@>=16.8:
  version "18.3.1"
  dependencies:
    loose-envify "^1.1.0"

read-cache@^1.0.0:
  version "1.0.2"

readdirp@~3.6.0:
  version "3.6.0"
  dependencies:
    picomatch "^2.2.1"

resolve@^1.1.7, resolve@^1.22.8:
  version "1.22.12"
  dependencies:
    es-errors "^1.3.0"
    is-core-module "^2.16.1"
    path-parse "^1.0.7"
    supports-preserve-symlinks-flag "^1.0.0"

reusify@^1.0.4:
  version "1.1.0"

rollup@^4.20.0:
  version "4.63.2"
  dependencies:
    "@types/estree" "1.0.9"
  optionalDependencies:
    "@napi-rs/lzma-linux-x64-gnu" "1.5.1"
    "@rollup/rollup-android-arm-eabi" "4.63.2"
    "@rollup/rollup-android-arm64" "4.63.2"
    "@rollup/rollup-darwin-arm64" "4.63.2"
    "@rollup/rollup-darwin-x64" "4.63.2"
    "@rollup/rollup-freebsd-arm64" "4.63.2"
    "@rollup/rollup-freebsd-x64" "4.63.2"
    "@rollup/rollup-linux-arm-gnueabihf" "4.63.2"
    "@rollup/rollup-linux-arm-musleabihf" "4.63.2"
    "@rollup/rollup-linux-arm64-gnu" "4.63.2"
    "@rollup/rollup-linux-arm64-musl" "4.63.2"
    "@rollup/rollup-linux-loong64-gnu" "4.63.2"
    "@rollup/rollup-linux-loong64-musl" "4.63.2"
    "@rollup/rollup-linux-ppc64-gnu" "4.63.2"
    "@rollup/rollup-linux-ppc64-musl" "4.63.2"
    "@rollup/rollup-linux-riscv64-gnu" "4.63.2"
    "@rollup/rollup-linux-riscv64-musl" "4.63.2"
    "@rollup/rollup-linux-s390x-gnu" "4.63.2"
    "@rollup/rollup-linux-x64-gnu" "4.63.2"
    "@rollup/rollup-linux-x64-musl" "4.63.2"
    "@rollup/rollup-openbsd-x64" "4.63.2"
    "@rollup/rollup-openharmony-arm64" "4.63.2"
    "@rollup/rollup-win32-arm64-msvc" "4.63.2"
    "@rollup/rollup-win32-ia32-msvc" "4.63.2"
    "@rollup/rollup-win32-x64-gnu" "4.63.2"
    "@rollup/rollup-win32-x64-msvc" "4.63.2"
    fsevents "~2.3.2"

run-parallel@^1.1.9:
  version "1.2.0"
  dependencies:
    queue-microtask "^1.2.2"

scheduler@^0.23.2:
  version "0.23.2"
  dependencies:
    loose-envify "^1.1.0"

semver@^6.3.1:
  version "6.3.1"

side-channel-list@^1.0.1:
  version "1.0.1"
  dependencies:
    es-errors "^1.3.0"
    object-inspect "^1.13.4"

side-channel-map@^1.0.1:
  version "1.0.1"
  dependencies:
    call-bound "^1.0.2"
    es-errors "^1.3.0"
    get-intrinsic "^1.2.5"
    object-inspect "^1.13.3"

side-channel-weakmap@^1.0.2:
  version "1.0.2"
  dependencies:
    call-bound "^1.0.2"
    es-errors "^1.3.0"
    get-intrinsic "^1.2.5"
    object-inspect "^1.13.3"
    side-channel-map "^1.0.1"

side-channel@^1.1.1:
  version "1.1.1"
  dependencies:
    es-errors "^1.3.0"
    object-inspect "^1.13.4"
    side-channel-list "^1.0.1"
    side-channel-map "^1.0.1"
    side-channel-weakmap "^1.0.2"

source-map-js@^1.2.1:
  version "1.2.1"

stripe@^14.9.0:
  version "14.25.0"
  dependencies:
    "@types/node" ">=8.1.0"
    qs "^6.11.0"

sucrase@^3.35.0:
  version "3.35.1"
  dependencies:
    "@jridgewell/gen-mapping" "^0.3.2"
    commander "^4.0.0"
    lines-and-columns "^1.1.6"
    mz "^2.7.0"
    pirates "^4.0.1"
    tinyglobby "^0.2.11"
    ts-interface-checker "^0.1.9"

supports-preserve-symlinks-flag@^1.0.0:
  version "1.0.0"

tailwindcss@^3.4.0:
  version "3.4.19"
  dependencies:
    "@alloc/quick-lru" "^5.2.0"
    arg "^5.0.2"
    chokidar "^3.6.0"
    didyoumean "^1.2.2"
    dlv "^1.1.3"
    fast-glob "^3.3.2"
    glob-parent "^6.0.2"
    is-glob "^4.0.3"
    jiti "^1.21.7"
    lilconfig "^3.1.3"
    micromatch "^4.0.8"
    normalize-path "^3.0.0"
    object-hash "^3.0.0"
    picocolors "^1.1.1"
    postcss "^8.4.47"
    postcss-import "^15.1.0"
    postcss-js "^4.0.1"
    postcss-load-config "^4.0.2 || ^5.0 || ^6.0"
    postcss-nested "^6.2.0"
    postcss-selector-parser "^6.1.2"
    resolve "^1.22.8"
    sucrase "^3.35.0"

thenify-all@^1.0.0:
  version "1.6.0"
  dependencies:
    thenify ">= 3.1.0 < 4"

"thenify@>= 3.1.0 < 4":
  version "3.3.1"
  dependencies:
    any-promise "^1.0.0"

tinyglobby@^0.2.11:
  version "0.2.17"
  dependencies:
    fdir "^6.5.0"
    picomatch "^4.0.4"

to-regex-range@^5.0.1:
  version "5.0.1"
  resolved "https://registry.npmjs.org/to-regex-range/-/to-regex-range-5.0.1.tgz"
  integrity sha512-65P7iz6X5yEr1cwcgvQxbbIw7Uk3gOy5dIdtZ4rDveLqhrdJP+Li/Hx6tyK0NEb+2GCyneCMJiGqrADCSNk8sQ==
  dependencies:
    is-number "^7.0.0"

ts-interface-checker@^0.1.9:
  version "0.1.13"

tslib@2.8.1:
  version "2.8.1"

typescript@^5.3.3:
  version "5.9.3"

undici-types@~8.9.0:
  version "8.9.0"

update-browserslist-db@^1.3.2:
  version "1.3.3"
  dependencies:
    escalade "^3.2.0"
    picocolors "^1.1.1"

util-deprecate@^1.0.2:
  version "1.0.2"

"vite@^4.2.0 || ^5.0.0 || ^6.0.0 || ^7.0.0", vite@^5.0.8:
  version "5.4.21"
  dependencies:
    esbuild "^0.21.3"
    postcss "^8.4.43"
    rollup "^4.20.0"
  optionalDependencies:
    fsevents "~2.3.3"

yallist@^3.0.2:
  version "3.1.1"
  resolved "https://registry.npmjs.org/yallist/-/yallist-3.1.1.tgz"
  integrity sha512-a4UGQaWPH59mOXUYnAG2ewncQS4i4F43Tv3JoAM+s2VDAmS9NsK8GpDMLrCHPksFT7h3K6TOoUNn2pb7RoXx4g==
